
Microsoft Visual Studio Solution File, Format Version 12.00
Project("{FAE04EC0-301F-11D3-BF4B-00C04F79EFBC}") = "Domain", "Domain\Domain.csproj", "{2154DCF1-BA86-4775-9582-4FE494659A52}"
EndProject
Project("{FAE04EC0-301F-11D3-BF4B-00C04F79EFBC}") = "Application", "Application\Application.csproj", "{F79CB8A6-B454-402D-BA15-5129C3DD4399}"
EndProject
Project("{FAE04EC0-301F-11D3-BF4B-00C04F79EFBC}") = "Infrastructure", "Infrastructure\Infrastructure.csproj", "{316467DC-D579-4B27-A0D3-FB9B69B1C353}"
EndProject
Project("{FAE04EC0-301F-11D3-BF4B-00C04F79EFBC}") = "Web.API", "Web.API\Web.API.csproj", "{33240BCA-2F23-41A9-9335-0F74F29D8DAE}"
EndProject
Project("{2150E333-8FDC-42A3-9474-1A3956D46DE8}") = "Solution Items", "Solution Items", "{75DEBE8C-A64D-4B3E-B801-0ECB4A2E1B77}"
	ProjectSection(SolutionItems) = preProject
		README.md = README.md
		LICENSE = LICENSE
		.env.example = .env.example
		.env = .env
	EndProjectSection
EndProject
Project("{2150E333-8FDC-42A3-9474-1A3956D46DE8}") = "Documentation", "Documentation", "{75DEBE8C-A64D-4B3E-B801-0ECB4A2E1B78}"
	ProjectSection(SolutionItems) = preProject
		README.md = README.md
		docs\adding-features.md = docs\adding-features.md
		docs\architecture.md = docs\architecture.md
		docs\authentication.md = docs\authentication.md
		docs\configuration.md = docs\configuration.md
		docs\deployment.md = docs\deployment.md
		docs\error-handling.md = docs\error-handling.md
		docs\getting-started.md = docs\getting-started.md
	EndProjectSection
EndProject
Project("{FAE04EC0-301F-11D3-BF4B-00C04F79EFBC}") = "Common.ApiVersioning", "Common.ApiVersioning\Common.ApiVersioning.csproj", "{5D0B3D2E-A229-47CB-94C6-F8696CE29355}"
EndProject
#if (IncludeTests)
Project("{2150E333-8FDC-42A3-9474-1A3956D46DE8}") = "Tests", "Tests", "{0AB3BF05-4346-4AA6-1389-037BE0695223}"
EndProject
Project("{FAE04EC0-301F-11D3-BF4B-00C04F79EFBC}") = "Domain.UnitTests", "Tests\Domain.UnitTests\Domain.UnitTests.csproj", "{684E1323-EC52-4ABD-AA74-04957E3919A4}"
EndProject
Project("{FAE04EC0-301F-11D3-BF4B-00C04F79EFBC}") = "Application.UnitTests", "Tests\Application.UnitTests\Application.UnitTests.csproj", "{1EF37617-5454-44D6-8B0F-0EDD93437FB1}"
EndProject
Project("{FAE04EC0-301F-11D3-BF4B-00C04F79EFBC}") = "Web.API.IntegrationTests", "Tests\Web.API.IntegrationTests\Web.API.IntegrationTests.csproj", "{7B5CA704-EDC5-48E5-B29C-CD1AEA361580}"
EndProject
#endif
Global
	GlobalSection(SolutionConfigurationPlatforms) = preSolution
		Debug|Any CPU = Debug|Any CPU
		Debug|x64 = Debug|x64
		Debug|x86 = Debug|x86
		Release|Any CPU = Release|Any CPU
		Release|x64 = Release|x64
		Release|x86 = Release|x86
	EndGlobalSection
	GlobalSection(ProjectConfigurationPlatforms) = postSolution
		{2154DCF1-BA86-4775-9582-4FE494659A52}.Debug|Any CPU.ActiveCfg = Debug|Any CPU
		{2154DCF1-BA86-4775-9582-4FE494659A52}.Debug|Any CPU.Build.0 = Debug|Any CPU
		{2154DCF1-BA86-4775-9582-4FE494659A52}.Debug|x64.ActiveCfg = Debug|Any CPU
		{2154DCF1-BA86-4775-9582-4FE494659A52}.Debug|x64.Build.0 = Debug|Any CPU
		{2154DCF1-BA86-4775-9582-4FE494659A52}.Debug|x86.ActiveCfg = Debug|Any CPU
		{2154DCF1-BA86-4775-9582-4FE494659A52}.Debug|x86.Build.0 = Debug|Any CPU
		{2154DCF1-BA86-4775-9582-4FE494659A52}.Release|Any CPU.ActiveCfg = Release|Any CPU
		{2154DCF1-BA86-4775-9582-4FE494659A52}.Release|Any CPU.Build.0 = Release|Any CPU
		{2154DCF1-BA86-4775-9582-4FE494659A52}.Release|x64.ActiveCfg = Release|Any CPU
		{2154DCF1-BA86-4775-9582-4FE494659A52}.Release|x64.Build.0 = Release|Any CPU
		{2154DCF1-BA86-4775-9582-4FE494659A52}.Release|x86.ActiveCfg = Release|Any CPU
		{2154DCF1-BA86-4775-9582-4FE494659A52}.Release|x86.Build.0 = Release|Any CPU
		{F79CB8A6-B454-402D-BA15-5129C3DD4399}.Debug|Any CPU.ActiveCfg = Debug|Any CPU
		{F79CB8A6-B454-402D-BA15-5129C3DD4399}.Debug|Any CPU.Build.0 = Debug|Any CPU
		{F79CB8A6-B454-402D-BA15-5129C3DD4399}.Debug|x64.ActiveCfg = Debug|Any CPU
		{F79CB8A6-B454-402D-BA15-5129C3DD4399}.Debug|x64.Build.0 = Debug|Any CPU
		{F79CB8A6-B454-402D-BA15-5129C3DD4399}.Debug|x86.ActiveCfg = Debug|Any CPU
		{F79CB8A6-B454-402D-BA15-5129C3DD4399}.Debug|x86.Build.0 = Debug|Any CPU
		{F79CB8A6-B454-402D-BA15-5129C3DD4399}.Release|Any CPU.ActiveCfg = Release|Any CPU
		{F79CB8A6-B454-402D-BA15-5129C3DD4399}.Release|Any CPU.Build.0 = Release|Any CPU
		{F79CB8A6-B454-402D-BA15-5129C3DD4399}.Release|x64.ActiveCfg = Release|Any CPU
		{F79CB8A6-B454-402D-BA15-5129C3DD4399}.Release|x64.Build.0 = Release|Any CPU
		{F79CB8A6-B454-402D-BA15-5129C3DD4399}.Release|x86.ActiveCfg = Release|Any CPU
		{F79CB8A6-B454-402D-BA15-5129C3DD4399}.Release|x86.Build.0 = Release|Any CPU
		{316467DC-D579-4B27-A0D3-FB9B69B1C353}.Debug|Any CPU.ActiveCfg = Debug|Any CPU
		{316467DC-D579-4B27-A0D3-FB9B69B1C353}.Debug|Any CPU.Build.0 = Debug|Any CPU
		{316467DC-D579-4B27-A0D3-FB9B69B1C353}.Debug|x64.ActiveCfg = Debug|Any CPU
		{316467DC-D579-4B27-A0D3-FB9B69B1C353}.Debug|x64.Build.0 = Debug|Any CPU
		{316467DC-D579-4B27-A0D3-FB9B69B1C353}.Debug|x86.ActiveCfg = Debug|Any CPU
		{316467DC-D579-4B27-A0D3-FB9B69B1C353}.Debug|x86.Build.0 = Debug|Any CPU
		{316467DC-D579-4B27-A0D3-FB9B69B1C353}.Release|Any CPU.ActiveCfg = Release|Any CPU
		{316467DC-D579-4B27-A0D3-FB9B69B1C353}.Release|Any CPU.Build.0 = Release|Any CPU
		{316467DC-D579-4B27-A0D3-FB9B69B1C353}.Release|x64.ActiveCfg = Release|Any CPU
		{316467DC-D579-4B27-A0D3-FB9B69B1C353}.Release|x64.Build.0 = Release|Any CPU
		{316467DC-D579-4B27-A0D3-FB9B69B1C353}.Release|x86.ActiveCfg = Release|Any CPU
		{316467DC-D579-4B27-A0D3-FB9B69B1C353}.Release|x86.Build.0 = Release|Any CPU
		{33240BCA-2F23-41A9-9335-0F74F29D8DAE}.Debug|Any CPU.ActiveCfg = Debug|Any CPU
		{33240BCA-2F23-41A9-9335-0F74F29D8DAE}.Debug|Any CPU.Build.0 = Debug|Any CPU
		{33240BCA-2F23-41A9-9335-0F74F29D8DAE}.Debug|x64.ActiveCfg = Debug|Any CPU
		{33240BCA-2F23-41A9-9335-0F74F29D8DAE}.Debug|x64.Build.0 = Debug|Any CPU
		{33240BCA-2F23-41A9-9335-0F74F29D8DAE}.Debug|x86.ActiveCfg = Debug|Any CPU
		{33240BCA-2F23-41A9-9335-0F74F29D8DAE}.Debug|x86.Build.0 = Debug|Any CPU
		{33240BCA-2F23-41A9-9335-0F74F29D8DAE}.Release|Any CPU.ActiveCfg = Release|Any CPU
		{33240BCA-2F23-41A9-9335-0F74F29D8DAE}.Release|Any CPU.Build.0 = Release|Any CPU
		{33240BCA-2F23-41A9-9335-0F74F29D8DAE}.Release|x64.ActiveCfg = Release|Any CPU
		{33240BCA-2F23-41A9-9335-0F74F29D8DAE}.Release|x64.Build.0 = Release|Any CPU
		{33240BCA-2F23-41A9-9335-0F74F29D8DAE}.Release|x86.ActiveCfg = Release|Any CPU
		{33240BCA-2F23-41A9-9335-0F74F29D8DAE}.Release|x86.Build.0 = Release|Any CPU
		{5D0B3D2E-A229-47CB-94C6-F8696CE29355}.Debug|Any CPU.ActiveCfg = Debug|Any CPU
		{5D0B3D2E-A229-47CB-94C6-F8696CE29355}.Debug|Any CPU.Build.0 = Debug|Any CPU
		{5D0B3D2E-A229-47CB-94C6-F8696CE29355}.Debug|x64.ActiveCfg = Debug|Any CPU
		{5D0B3D2E-A229-47CB-94C6-F8696CE29355}.Debug|x64.Build.0 = Debug|Any CPU
		{5D0B3D2E-A229-47CB-94C6-F8696CE29355}.Debug|x86.ActiveCfg = Debug|Any CPU
		{5D0B3D2E-A229-47CB-94C6-F8696CE29355}.Debug|x86.Build.0 = Debug|Any CPU
		{5D0B3D2E-A229-47CB-94C6-F8696CE29355}.Release|Any CPU.ActiveCfg = Release|Any CPU
		{5D0B3D2E-A229-47CB-94C6-F8696CE29355}.Release|Any CPU.Build.0 = Release|Any CPU
		{5D0B3D2E-A229-47CB-94C6-F8696CE29355}.Release|x64.ActiveCfg = Release|Any CPU
		{5D0B3D2E-A229-47CB-94C6-F8696CE29355}.Release|x64.Build.0 = Release|Any CPU
		{5D0B3D2E-A229-47CB-94C6-F8696CE29355}.Release|x86.ActiveCfg = Release|Any CPU
		{5D0B3D2E-A229-47CB-94C6-F8696CE29355}.Release|x86.Build.0 = Release|Any CPU
#if (IncludeTests)
		{684E1323-EC52-4ABD-AA74-04957E3919A4}.Debug|Any CPU.ActiveCfg = Debug|Any CPU
		{684E1323-EC52-4ABD-AA74-04957E3919A4}.Debug|Any CPU.Build.0 = Debug|Any CPU
		{684E1323-EC52-4ABD-AA74-04957E3919A4}.Debug|x64.ActiveCfg = Debug|Any CPU
		{684E1323-EC52-4ABD-AA74-04957E3919A4}.Debug|x64.Build.0 = Debug|Any CPU
		{684E1323-EC52-4ABD-AA74-04957E3919A4}.Debug|x86.ActiveCfg = Debug|Any CPU
		{684E1323-EC52-4ABD-AA74-04957E3919A4}.Debug|x86.Build.0 = Debug|Any CPU
		{684E1323-EC52-4ABD-AA74-04957E3919A4}.Release|Any CPU.ActiveCfg = Release|Any CPU
		{684E1323-EC52-4ABD-AA74-04957E3919A4}.Release|Any CPU.Build.0 = Release|Any CPU
		{684E1323-EC52-4ABD-AA74-04957E3919A4}.Release|x64.ActiveCfg = Release|Any CPU
		{684E1323-EC52-4ABD-AA74-04957E3919A4}.Release|x64.Build.0 = Release|Any CPU
		{684E1323-EC52-4ABD-AA74-04957E3919A4}.Release|x86.ActiveCfg = Release|Any CPU
		{684E1323-EC52-4ABD-AA74-04957E3919A4}.Release|x86.Build.0 = Release|Any CPU
		{1EF37617-5454-44D6-8B0F-0EDD93437FB1}.Debug|Any CPU.ActiveCfg = Debug|Any CPU
		{1EF37617-5454-44D6-8B0F-0EDD93437FB1}.Debug|Any CPU.Build.0 = Debug|Any CPU
		{1EF37617-5454-44D6-8B0F-0EDD93437FB1}.Debug|x64.ActiveCfg = Debug|Any CPU
		{1EF37617-5454-44D6-8B0F-0EDD93437FB1}.Debug|x64.Build.0 = Debug|Any CPU
		{1EF37617-5454-44D6-8B0F-0EDD93437FB1}.Debug|x86.ActiveCfg = Debug|Any CPU
		{1EF37617-5454-44D6-8B0F-0EDD93437FB1}.Debug|x86.Build.0 = Debug|Any CPU
		{1EF37617-5454-44D6-8B0F-0EDD93437FB1}.Release|Any CPU.ActiveCfg = Release|Any CPU
		{1EF37617-5454-44D6-8B0F-0EDD93437FB1}.Release|Any CPU.Build.0 = Release|Any CPU
		{1EF37617-5454-44D6-8B0F-0EDD93437FB1}.Release|x64.ActiveCfg = Release|Any CPU
		{1EF37617-5454-44D6-8B0F-0EDD93437FB1}.Release|x64.Build.0 = Release|Any CPU
		{1EF37617-5454-44D6-8B0F-0EDD93437FB1}.Release|x86.ActiveCfg = Release|Any CPU
		{1EF37617-5454-44D6-8B0F-0EDD93437FB1}.Release|x86.Build.0 = Release|Any CPU
		{7B5CA704-EDC5-48E5-B29C-CD1AEA361580}.Debug|Any CPU.ActiveCfg = Debug|Any CPU
		{7B5CA704-EDC5-48E5-B29C-CD1AEA361580}.Debug|Any CPU.Build.0 = Debug|Any CPU
		{7B5CA704-EDC5-48E5-B29C-CD1AEA361580}.Debug|x64.ActiveCfg = Debug|Any CPU
		{7B5CA704-EDC5-48E5-B29C-CD1AEA361580}.Debug|x64.Build.0 = Debug|Any CPU
		{7B5CA704-EDC5-48E5-B29C-CD1AEA361580}.Debug|x86.ActiveCfg = Debug|Any CPU
		{7B5CA704-EDC5-48E5-B29C-CD1AEA361580}.Debug|x86.Build.0 = Debug|Any CPU
		{7B5CA704-EDC5-48E5-B29C-CD1AEA361580}.Release|Any CPU.ActiveCfg = Release|Any CPU
		{7B5CA704-EDC5-48E5-B29C-CD1AEA361580}.Release|Any CPU.Build.0 = Release|Any CPU
		{7B5CA704-EDC5-48E5-B29C-CD1AEA361580}.Release|x64.ActiveCfg = Release|Any CPU
		{7B5CA704-EDC5-48E5-B29C-CD1AEA361580}.Release|x64.Build.0 = Release|Any CPU
		{7B5CA704-EDC5-48E5-B29C-CD1AEA361580}.Release|x86.ActiveCfg = Release|Any CPU
		{7B5CA704-EDC5-48E5-B29C-CD1AEA361580}.Release|x86.Build.0 = Release|Any CPU
#endif
	EndGlobalSection
	GlobalSection(SolutionProperties) = preSolution
		HideSolutionNode = FALSE
	EndGlobalSection
#if (IncludeTests)
	GlobalSection(NestedProjects) = preSolution
		{684E1323-EC52-4ABD-AA74-04957E3919A4} = {0AB3BF05-4346-4AA6-1389-037BE0695223}
		{1EF37617-5454-44D6-8B0F-0EDD93437FB1} = {0AB3BF05-4346-4AA6-1389-037BE0695223}
		{7B5CA704-EDC5-48E5-B29C-CD1AEA361580} = {0AB3BF05-4346-4AA6-1389-037BE0695223}
	EndGlobalSection
#endif
EndGlobal
